
Microsoft Visual Studio Solution File, Format Version 12.00
# Visual Studio 15
VisualStudioVersion = 15.0.27130.2026
MinimumVisualStudioVersion = 10.0.40219.1
Project("{FAE04EC0-301F-11D3-BF4B-00C04F79EFBC}") = "WindowsFormsApp1", "WindowsFormsApp1\WindowsFormsApp1.csproj", "{E88C8B39-0796-4C08-87A4-59EDF19DBDAF}"
EndProject
Global
	GlobalSection(SolutionConfigurationPlatforms) = preSolution
		Debug|Any CPU = Debug|Any CPU
		Release|Any CPU = Release|Any CPU
	EndGlobalSection
	GlobalSection(ProjectConfigurationPlatforms) = postSolution
		{E88C8B39-0796-4C08-87A4-59EDF19DBDAF}.Debug|Any CPU.ActiveCfg = Debug|Any CPU
		{E88C8B39-0796-4C08-87A4-59EDF19DBDAF}.Debug|Any CPU.Build.0 = Debug|Any CPU
		{E88C8B39-0796-4C08-87A4-59EDF19DBDAF}.Release|Any CPU.ActiveCfg = Release|Any CPU
		{E88C8B39-0796-4C08-87A4-59EDF19DBDAF}.Release|Any CPU.Build.0 = Release|Any CPU
	EndGlobalSection
	GlobalSection(SolutionProperties) = preSolution
		HideSolutionNode = FALSE
	EndGlobalSection
	GlobalSection(ExtensibilityGlobals) = postSolution
		SolutionGuid = {13AF017A-36C7-472C-AA43-FF90EF7208DC}
	EndGlobalSection
EndGlobal
