
Microsoft Visual Studio Solution File, Format Version 12.00
# Visual Studio 15
VisualStudioVersion = 15.0.27703.2035
MinimumVisualStudioVersion = 10.0.40219.1
Project("{FAE04EC0-301F-11D3-BF4B-00C04F79EFBC}") = "GambleHub Console", "GambleHub Console\GambleHub Console.csproj", "{62094AD4-D14B-4910-858C-7FCB47F6E582}"
EndProject
Global
	GlobalSection(SolutionConfigurationPlatforms) = preSolution
		Debug|Any CPU = Debug|Any CPU
		Release|Any CPU = Release|Any CPU
	EndGlobalSection
	GlobalSection(ProjectConfigurationPlatforms) = postSolution
		{62094AD4-D14B-4910-858C-7FCB47F6E582}.Debug|Any CPU.ActiveCfg = Debug|Any CPU
		{62094AD4-D14B-4910-858C-7FCB47F6E582}.Debug|Any CPU.Build.0 = Debug|Any CPU
		{62094AD4-D14B-4910-858C-7FCB47F6E582}.Release|Any CPU.ActiveCfg = Release|Any CPU
		{62094AD4-D14B-4910-858C-7FCB47F6E582}.Release|Any CPU.Build.0 = Release|Any CPU
	EndGlobalSection
	GlobalSection(SolutionProperties) = preSolution
		HideSolutionNode = FALSE
	EndGlobalSection
	GlobalSection(ExtensibilityGlobals) = postSolution
		SolutionGuid = {F6CB7394-8EFC-483A-BE37-647D9297B592}
	EndGlobalSection
EndGlobal
